PODS:
  - Alamofire (5.4.3)
  - FrameLayoutKit (6.4.0)
  - NKButton (4.6):
    - FrameLayoutKit
    - NVActivityIndicatorView/AppExtension
  - NVActivityIndicatorView/AppExtension (4.8.0)

DEPENDENCIES:
  - Alamofire (~> 5.4)
  - NKButton

SPEC REPOS:
  trunk:
    - Alamofire
    - FrameLayoutKit
    - NKButton
    - NVActivityIndicatorView

SPEC CHECKSUMS:
  Alamofire: e447a2774a40c996748296fa2c55112fdbbc42f9
  FrameLayoutKit: b4b2af6226622db29d68aa1141f1c304ceec62c2
  NKButton: f54c6a043472226f25e7caa5b7e783bd314bd519
  NVActivityIndicatorView: d24b7ebcf80af5dcd994adb650e2b6c93379270f

PODFILE CHECKSUM: e88e3c3dde0e8700427c189ea46ba034d780cf79

COCOAPODS: 1.10.1
