// !$*UTF8*$!
{
	archiveVersion = 1;
	classes = {
	};
	objectVersion = 51;
	objects = {

/* Begin PBXBuildFile section */
		7713B6072729926300AA2180 /* DetailCVCell.swift in Sources */ = {isa = PBXBuildFile; fileRef = 7713B6052729926300AA2180 /* DetailCVCell.swift */; };
		7713B6082729926300AA2180 /* DetailCVCell.xib in Resources */ = {isa = PBXBuildFile; fileRef = 7713B6062729926300AA2180 /* DetailCVCell.xib */; };
		776276C6272D7A1E00C14B9C /* CellIdentifable.swift in Sources */ = {isa = PBXBuildFile; fileRef = 776276C5272D7A1E00C14B9C /* CellIdentifable.swift */; };
		776276C9272D7BAC00C14B9C /* NewsViewController.swift in Sources */ = {isa = PBXBuildFile; fileRef = 776276C7272D7BAC00C14B9C /* NewsViewController.swift */; };
		776276CA272D7BAC00C14B9C /* NewsViewController.xib in Resources */ = {isa = PBXBuildFile; fileRef = 776276C8272D7BAC00C14B9C /* NewsViewController.xib */; };
		776276D2272D7D6700C14B9C /* NewsTableViewCell.swift in Sources */ = {isa = PBXBuildFile; fileRef = 776276D0272D7D6700C14B9C /* NewsTableViewCell.swift */; };
		776276D3272D7D6700C14B9C /* NewsTableViewCell.xib in Resources */ = {isa = PBXBuildFile; fileRef = 776276D1272D7D6700C14B9C /* NewsTableViewCell.xib */; };
		776276D5272D87F000C14B9C /* News.swift in Sources */ = {isa = PBXBuildFile; fileRef = 776276D4272D87F000C14B9C /* News.swift */; };
		776276D7272D8BB200C14B9C /* NewsViewPresenter.swift in Sources */ = {isa = PBXBuildFile; fileRef = 776276D6272D8BB200C14B9C /* NewsViewPresenter.swift */; };
		776276D9272D92D900C14B9C /* NetworkService.swift in Sources */ = {isa = PBXBuildFile; fileRef = 776276D8272D92D900C14B9C /* NetworkService.swift */; };
		776276DB272D93B100C14B9C /* Closure.swift in Sources */ = {isa = PBXBuildFile; fileRef = 776276DA272D93B100C14B9C /* Closure.swift */; };
		776276DD272D949C00C14B9C /* ApiEndPoint.swift in Sources */ = {isa = PBXBuildFile; fileRef = 776276DC272D949C00C14B9C /* ApiEndPoint.swift */; };
		776276E1272DA23200C14B9C /* SeconDetailViewController.swift in Sources */ = {isa = PBXBuildFile; fileRef = 776276DF272DA23200C14B9C /* SeconDetailViewController.swift */; };
		776276E2272DA23200C14B9C /* SeconDetailViewController.xib in Resources */ = {isa = PBXBuildFile; fileRef = 776276E0272DA23200C14B9C /* SeconDetailViewController.xib */; };
		776276E4272DA24300C14B9C /* SeconDetailViewPresenter.swift in Sources */ = {isa = PBXBuildFile; fileRef = 776276E3272DA24300C14B9C /* SeconDetailViewPresenter.swift */; };
		7767563A272ACACC00195214 /* SecondViewController.swift in Sources */ = {isa = PBXBuildFile; fileRef = 77675638272ACACC00195214 /* SecondViewController.swift */; };
		7767563B272ACACC00195214 /* SecondViewController.xib in Resources */ = {isa = PBXBuildFile; fileRef = 77675639272ACACC00195214 /* SecondViewController.xib */; };
		7767563D272ACAE900195214 /* SecondViewPresenter.swift in Sources */ = {isa = PBXBuildFile; fileRef = 7767563C272ACAE900195214 /* SecondViewPresenter.swift */; };
		7773AB6727241E750044562D /* AppDelegate.swift in Sources */ = {isa = PBXBuildFile; fileRef = 7773AB6627241E750044562D /* AppDelegate.swift */; };
		7773AB6927241E750044562D /* SceneDelegate.swift in Sources */ = {isa = PBXBuildFile; fileRef = 7773AB6827241E750044562D /* SceneDelegate.swift */; };
		7773AB7027241E790044562D /* Assets.xcassets in Resources */ = {isa = PBXBuildFile; fileRef = 7773AB6F27241E790044562D /* Assets.xcassets */; };
		7773AB7327241E790044562D /* LaunchScreen.storyboard in Resources */ = {isa = PBXBuildFile; fileRef = 7773AB7127241E790044562D /* LaunchScreen.storyboard */; };
		7773AB7C272425500044562D /* StartViewController.swift in Sources */ = {isa = PBXBuildFile; fileRef = 7773AB7A272425500044562D /* StartViewController.swift */; };
		7773AB7D272425500044562D /* StartViewController.xib in Resources */ = {isa = PBXBuildFile; fileRef = 7773AB7B272425500044562D /* StartViewController.xib */; };
		7773AB81272428E50044562D /* FlowViewController.swift in Sources */ = {isa = PBXBuildFile; fileRef = 7773AB80272428E50044562D /* FlowViewController.swift */; };
		7773AB8327242A5C0044562D /* StartViewPresenter.swift in Sources */ = {isa = PBXBuildFile; fileRef = 7773AB8227242A5C0044562D /* StartViewPresenter.swift */; };
		7773AB86272435A30044562D /* UIViewController.swift in Sources */ = {isa = PBXBuildFile; fileRef = 7773AB85272435A30044562D /* UIViewController.swift */; };
		7773AB8927243DFD0044562D /* DetailViewController.swift in Sources */ = {isa = PBXBuildFile; fileRef = 7773AB8727243DFD0044562D /* DetailViewController.swift */; };
		7773AB8A27243DFD0044562D /* DetailViewController.xib in Resources */ = {isa = PBXBuildFile; fileRef = 7773AB8827243DFD0044562D /* DetailViewController.xib */; };
		7773AB8D27243EF00044562D /* DetailViewPresenter.swift in Sources */ = {isa = PBXBuildFile; fileRef = 7773AB8C27243EF00044562D /* DetailViewPresenter.swift */; };
		77DD63BA27248989002E53D4 /* MyWorkTableViewCell.swift in Sources */ = {isa = PBXBuildFile; fileRef = 77DD63B827248989002E53D4 /* MyWorkTableViewCell.swift */; };
		77DD63BB27248989002E53D4 /* MyWorkTableViewCell.xib in Resources */ = {isa = PBXBuildFile; fileRef = 77DD63B927248989002E53D4 /* MyWorkTableViewCell.xib */; };
		77DD63BE27249124002E53D4 /* Navigator.swift in Sources */ = {isa = PBXBuildFile; fileRef = 77DD63BD27249124002E53D4 /* Navigator.swift */; };
		77DD63C027249348002E53D4 /* Assembler.swift in Sources */ = {isa = PBXBuildFile; fileRef = 77DD63BF27249348002E53D4 /* Assembler.swift */; };
		77DD63C227249808002E53D4 /* Model.swift in Sources */ = {isa = PBXBuildFile; fileRef = 77DD63C127249808002E53D4 /* Model.swift */; };
		85B421572DD04C14237B5CCE /* Pods_Biography.framework in Frameworks */ = {isa = PBXBuildFile; fileRef = 063CF5745EC4A638F7109E1E /* Pods_Biography.framework */; };
/* End PBXBuildFile section */

/* Begin PBXFileReference section */
		063CF5745EC4A638F7109E1E /* Pods_Biography.framework */ = {isa = PBXFileReference; explicitFileType = wrapper.framework; includeInIndex = 0; path = Pods_Biography.framework; sourceTree = BUILT_PRODUCTS_DIR; };
		58CF6EBD0198F52E14BB7373 /* Pods-Biography.debug.xcconfig */ = {isa = PBXFileReference; includeInIndex = 1; lastKnownFileType = text.xcconfig; name = "Pods-Biography.debug.xcconfig"; path = "Target Support Files/Pods-Biography/Pods-Biography.debug.xcconfig"; sourceTree = "<group>"; };
		7713B6052729926300AA2180 /* DetailCVCell.swift */ = {isa = PBXFileReference; lastKnownFileType = sourcecode.swift; path = DetailCVCell.swift; sourceTree = "<group>"; };
		7713B6062729926300AA2180 /* DetailCVCell.xib */ = {isa = PBXFileReference; lastKnownFileType = file.xib; path = DetailCVCell.xib; sourceTree = "<group>"; };
		776276C5272D7A1E00C14B9C /* CellIdentifable.swift */ = {isa = PBXFileReference; fileEncoding = 4; lastKnownFileType = sourcecode.swift; name = CellIdentifable.swift; path = "../../../../Downloads/Biography-main/Biography/Extension/CellIdentifable.swift"; sourceTree = "<group>"; };
		776276C7272D7BAC00C14B9C /* NewsViewController.swift */ = {isa = PBXFileReference; lastKnownFileType = sourcecode.swift; path = NewsViewController.swift; sourceTree = "<group>"; };
		776276C8272D7BAC00C14B9C /* NewsViewController.xib */ = {isa = PBXFileReference; lastKnownFileType = file.xib; path = NewsViewController.xib; sourceTree = "<group>"; };
		776276D0272D7D6700C14B9C /* NewsTableViewCell.swift */ = {isa = PBXFileReference; lastKnownFileType = sourcecode.swift; path = NewsTableViewCell.swift; sourceTree = "<group>"; };
		776276D1272D7D6700C14B9C /* NewsTableViewCell.xib */ = {isa = PBXFileReference; lastKnownFileType = file.xib; path = NewsTableViewCell.xib; sourceTree = "<group>"; };
		776276D4272D87F000C14B9C /* News.swift */ = {isa = PBXFileReference; lastKnownFileType = sourcecode.swift; path = News.swift; sourceTree = "<group>"; };
		776276D6272D8BB200C14B9C /* NewsViewPresenter.swift */ = {isa = PBXFileReference; lastKnownFileType = sourcecode.swift; path = NewsViewPresenter.swift; sourceTree = "<group>"; };
		776276D8272D92D900C14B9C /* NetworkService.swift */ = {isa = PBXFileReference; lastKnownFileType = sourcecode.swift; path = NetworkService.swift; sourceTree = "<group>"; };
		776276DA272D93B100C14B9C /* Closure.swift */ = {isa = PBXFileReference; lastKnownFileType = sourcecode.swift; path = Closure.swift; sourceTree = "<group>"; };
		776276DC272D949C00C14B9C /* ApiEndPoint.swift */ = {isa = PBXFileReference; lastKnownFileType = sourcecode.swift; path = ApiEndPoint.swift; sourceTree = "<group>"; };
		776276DF272DA23200C14B9C /* SeconDetailViewController.swift */ = {isa = PBXFileReference; lastKnownFileType = sourcecode.swift; path = SeconDetailViewController.swift; sourceTree = "<group>"; };
		776276E0272DA23200C14B9C /* SeconDetailViewController.xib */ = {isa = PBXFileReference; lastKnownFileType = file.xib; path = SeconDetailViewController.xib; sourceTree = "<group>"; };
		776276E3272DA24300C14B9C /* SeconDetailViewPresenter.swift */ = {isa = PBXFileReference; lastKnownFileType = sourcecode.swift; path = SeconDetailViewPresenter.swift; sourceTree = "<group>"; };
		77675638272ACACC00195214 /* SecondViewController.swift */ = {isa = PBXFileReference; lastKnownFileType = sourcecode.swift; path = SecondViewController.swift; sourceTree = "<group>"; };
		77675639272ACACC00195214 /* SecondViewController.xib */ = {isa = PBXFileReference; lastKnownFileType = file.xib; path = SecondViewController.xib; sourceTree = "<group>"; };
		7767563C272ACAE900195214 /* SecondViewPresenter.swift */ = {isa = PBXFileReference; lastKnownFileType = sourcecode.swift; path = SecondViewPresenter.swift; sourceTree = "<group>"; };
		7773AB6327241E750044562D /* Biography.app */ = {isa = PBXFileReference; explicitFileType = wrapper.application; includeInIndex = 0; path = Biography.app; sourceTree = BUILT_PRODUCTS_DIR; };
		7773AB6627241E750044562D /* AppDelegate.swift */ = {isa = PBXFileReference; lastKnownFileType = sourcecode.swift; path = AppDelegate.swift; sourceTree = "<group>"; };
		7773AB6827241E750044562D /* SceneDelegate.swift */ = {isa = PBXFileReference; lastKnownFileType = sourcecode.swift; path = SceneDelegate.swift; sourceTree = "<group>"; };
		7773AB6F27241E790044562D /* Assets.xcassets */ = {isa = PBXFileReference; lastKnownFileType = folder.assetcatalog; path = Assets.xcassets; sourceTree = "<group>"; };
		7773AB7227241E790044562D /* Base */ = {isa = PBXFileReference; lastKnownFileType = file.storyboard; name = Base; path = Base.lproj/LaunchScreen.storyboard; sourceTree = "<group>"; };
		7773AB7427241E790044562D /* Info.plist */ = {isa = PBXFileReference; lastKnownFileType = text.plist.xml; path = Info.plist; sourceTree = "<group>"; };
		7773AB7A272425500044562D /* StartViewController.swift */ = {isa = PBXFileReference; lastKnownFileType = sourcecode.swift; path = StartViewController.swift; sourceTree = "<group>"; };
		7773AB7B272425500044562D /* StartViewController.xib */ = {isa = PBXFileReference; lastKnownFileType = file.xib; path = StartViewController.xib; sourceTree = "<group>"; };
		7773AB80272428E50044562D /* FlowViewController.swift */ = {isa = PBXFileReference; lastKnownFileType = sourcecode.swift; path = FlowViewController.swift; sourceTree = "<group>"; };
		7773AB8227242A5C0044562D /* StartViewPresenter.swift */ = {isa = PBXFileReference; lastKnownFileType = sourcecode.swift; path = StartViewPresenter.swift; sourceTree = "<group>"; };
		7773AB85272435A30044562D /* UIViewController.swift */ = {isa = PBXFileReference; lastKnownFileType = sourcecode.swift; path = UIViewController.swift; sourceTree = "<group>"; };
		7773AB8727243DFD0044562D /* DetailViewController.swift */ = {isa = PBXFileReference; lastKnownFileType = sourcecode.swift; path = DetailViewController.swift; sourceTree = "<group>"; };
		7773AB8827243DFD0044562D /* DetailViewController.xib */ = {isa = PBXFileReference; lastKnownFileType = file.xib; path = DetailViewController.xib; sourceTree = "<group>"; };
		7773AB8C27243EF00044562D /* DetailViewPresenter.swift */ = {isa = PBXFileReference; lastKnownFileType = sourcecode.swift; path = DetailViewPresenter.swift; sourceTree = "<group>"; };
		77DD63B827248989002E53D4 /* MyWorkTableViewCell.swift */ = {isa = PBXFileReference; lastKnownFileType = sourcecode.swift; path = MyWorkTableViewCell.swift; sourceTree = "<group>"; };
		77DD63B927248989002E53D4 /* MyWorkTableViewCell.xib */ = {isa = PBXFileReference; lastKnownFileType = file.xib; path = MyWorkTableViewCell.xib; sourceTree = "<group>"; };
		77DD63BD27249124002E53D4 /* Navigator.swift */ = {isa = PBXFileReference; lastKnownFileType = sourcecode.swift; path = Navigator.swift; sourceTree = "<group>"; };
		77DD63BF27249348002E53D4 /* Assembler.swift */ = {isa = PBXFileReference; lastKnownFileType = sourcecode.swift; path = Assembler.swift; sourceTree = "<group>"; };
		77DD63C127249808002E53D4 /* Model.swift */ = {isa = PBXFileReference; lastKnownFileType = sourcecode.swift; path = Model.swift; sourceTree = "<group>"; };
		A86C140806FF19B7FFBAF6E5 /* Pods-Biography.release.xcconfig */ = {isa = PBXFileReference; includeInIndex = 1; lastKnownFileType = text.xcconfig; name = "Pods-Biography.release.xcconfig"; path = "Target Support Files/Pods-Biography/Pods-Biography.release.xcconfig"; sourceTree = "<group>"; };
/* End PBXFileReference section */

/* Begin PBXFrameworksBuildPhase section */
		7773AB6027241E750044562D /* Frameworks */ = {
			isa = PBXFrameworksBuildPhase;
			buildActionMask = 2147483647;
			files = (
				85B421572DD04C14237B5CCE /* Pods_Biography.framework in Frameworks */,
			);
			runOnlyForDeploymentPostprocessing = 0;
		};
/* End PBXFrameworksBuildPhase section */

/* Begin PBXGroup section */
		2029D8998EDF4CD66699011D /* Pods */ = {
			isa = PBXGroup;
			children = (
				58CF6EBD0198F52E14BB7373 /* Pods-Biography.debug.xcconfig */,
				A86C140806FF19B7FFBAF6E5 /* Pods-Biography.release.xcconfig */,
			);
			path = Pods;
			sourceTree = "<group>";
		};
		32E7B6FB836AD9CF7242152E /* Frameworks */ = {
			isa = PBXGroup;
			children = (
				063CF5745EC4A638F7109E1E /* Pods_Biography.framework */,
			);
			name = Frameworks;
			sourceTree = "<group>";
		};
		7713B6092729937B00AA2180 /* DetailCell */ = {
			isa = PBXGroup;
			children = (
				7713B6052729926300AA2180 /* DetailCVCell.swift */,
				7713B6062729926300AA2180 /* DetailCVCell.xib */,
			);
			path = DetailCell;
			sourceTree = "<group>";
		};
		7713B60A272998DA00AA2180 /* Models */ = {
			isa = PBXGroup;
			children = (
				77DD63C127249808002E53D4 /* Model.swift */,
				776276D4272D87F000C14B9C /* News.swift */,
			);
			path = Models;
			sourceTree = "<group>";
		};
		776276CB272D7BCD00C14B9C /* NewsViewController */ = {
			isa = PBXGroup;
			children = (
				776276CF272D7D2A00C14B9C /* NewsCell */,
				776276C8272D7BAC00C14B9C /* NewsViewController.xib */,
				776276C7272D7BAC00C14B9C /* NewsViewController.swift */,
				776276D6272D8BB200C14B9C /* NewsViewPresenter.swift */,
			);
			path = NewsViewController;
			sourceTree = "<group>";
		};
		776276CE272D7CCA00C14B9C /* Networking */ = {
			isa = PBXGroup;
			children = (
				776276D8272D92D900C14B9C /* NetworkService.swift */,
				776276DC272D949C00C14B9C /* ApiEndPoint.swift */,
			);
			path = Networking;
			sourceTree = "<group>";
		};
		776276CF272D7D2A00C14B9C /* NewsCell */ = {
			isa = PBXGroup;
			children = (
				776276D0272D7D6700C14B9C /* NewsTableViewCell.swift */,
				776276D1272D7D6700C14B9C /* NewsTableViewCell.xib */,
			);
			path = NewsCell;
			sourceTree = "<group>";
		};
		776276DE272DA21000C14B9C /* SecondDetailVC */ = {
			isa = PBXGroup;
			children = (
				776276DF272DA23200C14B9C /* SeconDetailViewController.swift */,
				776276E0272DA23200C14B9C /* SeconDetailViewController.xib */,
				776276E3272DA24300C14B9C /* SeconDetailViewPresenter.swift */,
			);
			path = SecondDetailVC;
			sourceTree = "<group>";
		};
		77675636272ACA2E00195214 /* ViewControllers */ = {
			isa = PBXGroup;
			children = (
				776276DE272DA21000C14B9C /* SecondDetailVC */,
				77675637272ACA6B00195214 /* SecondViewController */,
				7773AB8B27243E290044562D /* DetailViewController */,
				7773AB7E272425770044562D /* StartViewController */,
				776276CB272D7BCD00C14B9C /* NewsViewController */,
			);
			path = ViewControllers;
			sourceTree = "<group>";
		};
		77675637272ACA6B00195214 /* SecondViewController */ = {
			isa = PBXGroup;
			children = (
				77675638272ACACC00195214 /* SecondViewController.swift */,
				77675639272ACACC00195214 /* SecondViewController.xib */,
				7767563C272ACAE900195214 /* SecondViewPresenter.swift */,
			);
			path = SecondViewController;
			sourceTree = "<group>";
		};
		7773AB5A27241E750044562D = {
			isa = PBXGroup;
			children = (
				7773AB6527241E750044562D /* Biography */,
				7773AB6427241E750044562D /* Products */,
				2029D8998EDF4CD66699011D /* Pods */,
				32E7B6FB836AD9CF7242152E /* Frameworks */,
			);
			sourceTree = "<group>";
		};
		7773AB6427241E750044562D /* Products */ = {
			isa = PBXGroup;
			children = (
				7773AB6327241E750044562D /* Biography.app */,
			);
			name = Products;
			sourceTree = "<group>";
		};
		7773AB6527241E750044562D /* Biography */ = {
			isa = PBXGroup;
			children = (
				776276CE272D7CCA00C14B9C /* Networking */,
				77675636272ACA2E00195214 /* ViewControllers */,
				7713B60A272998DA00AA2180 /* Models */,
				77DD63BC272490F3002E53D4 /* Navigation */,
				7773AB6827241E750044562D /* SceneDelegate.swift */,
				7773AB6627241E750044562D /* AppDelegate.swift */,
				7773AB6F27241E790044562D /* Assets.xcassets */,
				7773AB7127241E790044562D /* LaunchScreen.storyboard */,
				7773AB7427241E790044562D /* Info.plist */,
				7773AB842724355E0044562D /* Extension */,
			);
			path = Biography;
			sourceTree = "<group>";
		};
		7773AB7E272425770044562D /* StartViewController */ = {
			isa = PBXGroup;
			children = (
				77DD63B727248976002E53D4 /* Cell */,
				7773AB7A272425500044562D /* StartViewController.swift */,
				7773AB7B272425500044562D /* StartViewController.xib */,
				7773AB8227242A5C0044562D /* StartViewPresenter.swift */,
			);
			path = StartViewController;
			sourceTree = "<group>";
		};
		7773AB842724355E0044562D /* Extension */ = {
			isa = PBXGroup;
			children = (
				7773AB85272435A30044562D /* UIViewController.swift */,
				776276C5272D7A1E00C14B9C /* CellIdentifable.swift */,
				776276DA272D93B100C14B9C /* Closure.swift */,
			);
			path = Extension;
			sourceTree = "<group>";
		};
		7773AB8B27243E290044562D /* DetailViewController */ = {
			isa = PBXGroup;
			children = (
				7713B6092729937B00AA2180 /* DetailCell */,
				7773AB8727243DFD0044562D /* DetailViewController.swift */,
				7773AB8827243DFD0044562D /* DetailViewController.xib */,
				7773AB8C27243EF00044562D /* DetailViewPresenter.swift */,
			);
			path = DetailViewController;
			sourceTree = "<group>";
		};
		77DD63B727248976002E53D4 /* Cell */ = {
			isa = PBXGroup;
			children = (
				77DD63B827248989002E53D4 /* MyWorkTableViewCell.swift */,
				77DD63B927248989002E53D4 /* MyWorkTableViewCell.xib */,
			);
			path = Cell;
			sourceTree = "<group>";
		};
		77DD63BC272490F3002E53D4 /* Navigation */ = {
			isa = PBXGroup;
			children = (
				7773AB80272428E50044562D /* FlowViewController.swift */,
				77DD63BD27249124002E53D4 /* Navigator.swift */,
				77DD63BF27249348002E53D4 /* Assembler.swift */,
			);
			path = Navigation;
			sourceTree = "<group>";
		};
/* End PBXGroup section */

/* Begin PBXNativeTarget section */
		7773AB6227241E750044562D /* Biography */ = {
			isa = PBXNativeTarget;
			buildConfigurationList = 7773AB7727241E790044562D /* Build configuration list for PBXNativeTarget "Biography" */;
			buildPhases = (
				BD38D5BE32ADF4D4738DCBCA /* [CP] Check Pods Manifest.lock */,
				7773AB5F27241E750044562D /* Sources */,
				7773AB6027241E750044562D /* Frameworks */,
				7773AB6127241E750044562D /* Resources */,
				842001FE99A6F569C9D890EA /* [CP] Embed Pods Frameworks */,
			);
			buildRules = (
			);
			dependencies = (
			);
			name = Biography;
			productName = Biography;
			productReference = 7773AB6327241E750044562D /* Biography.app */;
			productType = "com.apple.product-type.application";
		};
/* End PBXNativeTarget section */

/* Begin PBXProject section */
		7773AB5B27241E750044562D /* Project object */ = {
			isa = PBXProject;
			attributes = {
				LastSwiftUpdateCheck = 1250;
				LastUpgradeCheck = 1250;
				TargetAttributes = {
					7773AB6227241E750044562D = {
						CreatedOnToolsVersion = 12.5;
					};
				};
			};
			buildConfigurationList = 7773AB5E27241E750044562D /* Build configuration list for PBXProject "Biography" */;
			compatibilityVersion = "Xcode 9.3";
			developmentRegion = en;
			hasScannedForEncodings = 0;
			knownRegions = (
				en,
				Base,
			);
			mainGroup = 7773AB5A27241E750044562D;
			productRefGroup = 7773AB6427241E750044562D /* Products */;
			projectDirPath = "";
			projectRoot = "";
			targets = (
				7773AB6227241E750044562D /* Biography */,
			);
		};
/* End PBXProject section */

/* Begin PBXResourcesBuildPhase section */
		7773AB6127241E750044562D /* Resources */ = {
			isa = PBXResourcesBuildPhase;
			buildActionMask = 2147483647;
			files = (
				776276E2272DA23200C14B9C /* SeconDetailViewController.xib in Resources */,
				7773AB7327241E790044562D /* LaunchScreen.storyboard in Resources */,
				7767563B272ACACC00195214 /* SecondViewController.xib in Resources */,
				7773AB7027241E790044562D /* Assets.xcassets in Resources */,
				776276CA272D7BAC00C14B9C /* NewsViewController.xib in Resources */,
				776276D3272D7D6700C14B9C /* NewsTableViewCell.xib in Resources */,
				7773AB7D272425500044562D /* StartViewController.xib in Resources */,
				7713B6082729926300AA2180 /* DetailCVCell.xib in Resources */,
				7773AB8A27243DFD0044562D /* DetailViewController.xib in Resources */,
				77DD63BB27248989002E53D4 /* MyWorkTableViewCell.xib in Resources */,
			);
			runOnlyForDeploymentPostprocessing = 0;
		};
/* End PBXResourcesBuildPhase section */

/* Begin PBXShellScriptBuildPhase section */
		842001FE99A6F569C9D890EA /* [CP] Embed Pods Frameworks */ = {
			isa = PBXShellScriptBuildPhase;
			buildActionMask = 2147483647;
			files = (
			);
			inputFileListPaths = (
				"${PODS_ROOT}/Target Support Files/Pods-Biography/Pods-Biography-frameworks-${CONFIGURATION}-input-files.xcfilelist",
			);
			name = "[CP] Embed Pods Frameworks";
			outputFileListPaths = (
				"${PODS_ROOT}/Target Support Files/Pods-Biography/Pods-Biography-frameworks-${CONFIGURATION}-output-files.xcfilelist",
			);
			runOnlyForDeploymentPostprocessing = 0;
			shellPath = /bin/sh;
			shellScript = "\"${PODS_ROOT}/Target Support Files/Pods-Biography/Pods-Biography-frameworks.sh\"\n";
			showEnvVarsInLog = 0;
		};
		BD38D5BE32ADF4D4738DCBCA /* [CP] Check Pods Manifest.lock */ = {
			isa = PBXShellScriptBuildPhase;
			buildActionMask = 2147483647;
			files = (
			);
			inputFileListPaths = (
			);
			inputPaths = (
				"${PODS_PODFILE_DIR_PATH}/Podfile.lock",
				"${PODS_ROOT}/Manifest.lock",
			);
			name = "[CP] Check Pods Manifest.lock";
			outputFileListPaths = (
			);
			outputPaths = (
				"$(DERIVED_FILE_DIR)/Pods-Biography-checkManifestLockResult.txt",
			);
			runOnlyForDeploymentPostprocessing = 0;
			shellPath = /bin/sh;
			shellScript = "diff \"${PODS_PODFILE_DIR_PATH}/Podfile.lock\" \"${PODS_ROOT}/Manifest.lock\" > /dev/null\nif [ $? != 0 ] ; then\n    # print error to STDERR\n    echo \"error: The sandbox is not in sync with the Podfile.lock. Run 'pod install' or update your CocoaPods installation.\" >&2\n    exit 1\nfi\n# This output is used by Xcode 'outputs' to avoid re-running this script phase.\necho \"SUCCESS\" > \"${SCRIPT_OUTPUT_FILE_0}\"\n";
			showEnvVarsInLog = 0;
		};
/* End PBXShellScriptBuildPhase section */

/* Begin PBXSourcesBuildPhase section */
		7773AB5F27241E750044562D /* Sources */ = {
			isa = PBXSourcesBuildPhase;
			buildActionMask = 2147483647;
			files = (
				7773AB86272435A30044562D /* UIViewController.swift in Sources */,
				776276D2272D7D6700C14B9C /* NewsTableViewCell.swift in Sources */,
				7773AB7C272425500044562D /* StartViewController.swift in Sources */,
				7767563D272ACAE900195214 /* SecondViewPresenter.swift in Sources */,
				776276E1272DA23200C14B9C /* SeconDetailViewController.swift in Sources */,
				7767563A272ACACC00195214 /* SecondViewController.swift in Sources */,
				7773AB81272428E50044562D /* FlowViewController.swift in Sources */,
				77DD63C027249348002E53D4 /* Assembler.swift in Sources */,
				776276C6272D7A1E00C14B9C /* CellIdentifable.swift in Sources */,
				7713B6072729926300AA2180 /* DetailCVCell.swift in Sources */,
				77DD63BA27248989002E53D4 /* MyWorkTableViewCell.swift in Sources */,
				776276D7272D8BB200C14B9C /* NewsViewPresenter.swift in Sources */,
				77DD63C227249808002E53D4 /* Model.swift in Sources */,
				77DD63BE27249124002E53D4 /* Navigator.swift in Sources */,
				776276D9272D92D900C14B9C /* NetworkService.swift in Sources */,
				7773AB8D27243EF00044562D /* DetailViewPresenter.swift in Sources */,
				7773AB6727241E750044562D /* AppDelegate.swift in Sources */,
				7773AB8327242A5C0044562D /* StartViewPresenter.swift in Sources */,
				776276DB272D93B100C14B9C /* Closure.swift in Sources */,
				776276DD272D949C00C14B9C /* ApiEndPoint.swift in Sources */,
				776276C9272D7BAC00C14B9C /* NewsViewController.swift in Sources */,
				776276D5272D87F000C14B9C /* News.swift in Sources */,
				7773AB6927241E750044562D /* SceneDelegate.swift in Sources */,
				776276E4272DA24300C14B9C /* SeconDetailViewPresenter.swift in Sources */,
				7773AB8927243DFD0044562D /* DetailViewController.swift in Sources */,
			);
			runOnlyForDeploymentPostprocessing = 0;
		};
/* End PBXSourcesBuildPhase section */

/* Begin PBXVariantGroup section */
		7773AB7127241E790044562D /* LaunchScreen.storyboard */ = {
			isa = PBXVariantGroup;
			children = (
				7773AB7227241E790044562D /* Base */,
			);
			name = LaunchScreen.storyboard;
			sourceTree = "<group>";
		};
/* End PBXVariantGroup section */

/* Begin XCBuildConfiguration section */
		7773AB7527241E790044562D /* Debug */ = {
			isa = XCBuildConfiguration;
			buildSettings = {
				ALWAYS_SEARCH_USER_PATHS = NO;
				CLANG_ANALYZER_NONNULL = YES;
				CLANG_ANALYZER_NUMBER_OBJECT_CONVERSION = YES_AGGRESSIVE;
				CLANG_CXX_LANGUAGE_STANDARD = "gnu++14";
				CLANG_CXX_LIBRARY = "libc++";
				CLANG_ENABLE_MODULES = YES;
				CLANG_ENABLE_OBJC_ARC = YES;
				CLANG_ENABLE_OBJC_WEAK = YES;
				CLANG_WARN_BLOCK_CAPTURE_AUTORELEASING = YES;
				CLANG_WARN_BOOL_CONVERSION = YES;
				CLANG_WARN_COMMA = YES;
				CLANG_WARN_CONSTANT_CONVERSION = YES;
				CLANG_WARN_DEPRECATED_OBJC_IMPLEMENTATIONS = YES;
				CLANG_WARN_DIRECT_OBJC_ISA_USAGE = YES_ERROR;
				CLANG_WARN_DOCUMENTATION_COMMENTS = YES;
				CLANG_WARN_EMPTY_BODY = YES;
				CLANG_WARN_ENUM_CONVERSION = YES;
				CLANG_WARN_INFINITE_RECURSION = YES;
				CLANG_WARN_INT_CONVERSION = YES;
				CLANG_WARN_NON_LITERAL_NULL_CONVERSION = YES;
				CLANG_WARN_OBJC_IMPLICIT_RETAIN_SELF = YES;
				CLANG_WARN_OBJC_LITERAL_CONVERSION = YES;
				CLANG_WARN_OBJC_ROOT_CLASS = YES_ERROR;
				CLANG_WARN_QUOTED_INCLUDE_IN_FRAMEWORK_HEADER = YES;
				CLANG_WARN_RANGE_LOOP_ANALYSIS = YES;
				CLANG_WARN_STRICT_PROTOTYPES = YES;
				CLANG_WARN_SUSPICIOUS_MOVE = YES;
				CLANG_WARN_UNGUARDED_AVAILABILITY = YES_AGGRESSIVE;
				CLANG_WARN_UNREACHABLE_CODE = YES;
				CLANG_WARN__DUPLICATE_METHOD_MATCH = YES;
				COPY_PHASE_STRIP = NO;
				DEBUG_INFORMATION_FORMAT = dwarf;
				ENABLE_STRICT_OBJC_MSGSEND = YES;
				ENABLE_TESTABILITY = YES;
				GCC_C_LANGUAGE_STANDARD = gnu11;
				GCC_DYNAMIC_NO_PIC = NO;
				GCC_NO_COMMON_BLOCKS = YES;
				GCC_OPTIMIZATION_LEVEL = 0;
				GCC_PREPROCESSOR_DEFINITIONS = (
					"DEBUG=1",
					"$(inherited)",
				);
				GCC_WARN_64_TO_32_BIT_CONVERSION = YES;
				GCC_WARN_ABOUT_RETURN_TYPE = YES_ERROR;
				GCC_WARN_UNDECLARED_SELECTOR = YES;
				GCC_WARN_UNINITIALIZED_AUTOS = YES_AGGRESSIVE;
				GCC_WARN_UNUSED_FUNCTION = YES;
				GCC_WARN_UNUSED_VARIABLE = YES;
				IPHONEOS_DEPLOYMENT_TARGET = 14.5;
				MTL_ENABLE_DEBUG_INFO = INCLUDE_SOURCE;
				MTL_FAST_MATH = YES;
				ONLY_ACTIVE_ARCH = YES;
				SDKROOT = iphoneos;
				SWIFT_ACTIVE_COMPILATION_CONDITIONS = DEBUG;
				SWIFT_OPTIMIZATION_LEVEL = "-Onone";
			};
			name = Debug;
		};
		7773AB7627241E790044562D /* Release */ = {
			isa = XCBuildConfiguration;
			buildSettings = {
				ALWAYS_SEARCH_USER_PATHS = NO;
				CLANG_ANALYZER_NONNULL = YES;
				CLANG_ANALYZER_NUMBER_OBJECT_CONVERSION = YES_AGGRESSIVE;
				CLANG_CXX_LANGUAGE_STANDARD = "gnu++14";
				CLANG_CXX_LIBRARY = "libc++";
				CLANG_ENABLE_MODULES = YES;
				CLANG_ENABLE_OBJC_ARC = YES;
				CLANG_ENABLE_OBJC_WEAK = YES;
				CLANG_WARN_BLOCK_CAPTURE_AUTORELEASING = YES;
				CLANG_WARN_BOOL_CONVERSION = YES;
				CLANG_WARN_COMMA = YES;
				CLANG_WARN_CONSTANT_CONVERSION = YES;
				CLANG_WARN_DEPRECATED_OBJC_IMPLEMENTATIONS = YES;
				CLANG_WARN_DIRECT_OBJC_ISA_USAGE = YES_ERROR;
				CLANG_WARN_DOCUMENTATION_COMMENTS = YES;
				CLANG_WARN_EMPTY_BODY = YES;
				CLANG_WARN_ENUM_CONVERSION = YES;
				CLANG_WARN_INFINITE_RECURSION = YES;
				CLANG_WARN_INT_CONVERSION = YES;
				CLANG_WARN_NON_LITERAL_NULL_CONVERSION = YES;
				CLANG_WARN_OBJC_IMPLICIT_RETAIN_SELF = YES;
				CLANG_WARN_OBJC_LITERAL_CONVERSION = YES;
				CLANG_WARN_OBJC_ROOT_CLASS = YES_ERROR;
				CLANG_WARN_QUOTED_INCLUDE_IN_FRAMEWORK_HEADER = YES;
				CLANG_WARN_RANGE_LOOP_ANALYSIS = YES;
				CLANG_WARN_STRICT_PROTOTYPES = YES;
				CLANG_WARN_SUSPICIOUS_MOVE = YES;
				CLANG_WARN_UNGUARDED_AVAILABILITY = YES_AGGRESSIVE;
				CLANG_WARN_UNREACHABLE_CODE = YES;
				CLANG_WARN__DUPLICATE_METHOD_MATCH = YES;
				COPY_PHASE_STRIP = NO;
				DEBUG_INFORMATION_FORMAT = "dwarf-with-dsym";
				ENABLE_NS_ASSERTIONS = NO;
				ENABLE_STRICT_OBJC_MSGSEND = YES;
				GCC_C_LANGUAGE_STANDARD = gnu11;
				GCC_NO_COMMON_BLOCKS = YES;
				GCC_WARN_64_TO_32_BIT_CONVERSION = YES;
				GCC_WARN_ABOUT_RETURN_TYPE = YES_ERROR;
				GCC_WARN_UNDECLARED_SELECTOR = YES;
				GCC_WARN_UNINITIALIZED_AUTOS = YES_AGGRESSIVE;
				GCC_WARN_UNUSED_FUNCTION = YES;
				GCC_WARN_UNUSED_VARIABLE = YES;
				IPHONEOS_DEPLOYMENT_TARGET = 14.5;
				MTL_ENABLE_DEBUG_INFO = NO;
				MTL_FAST_MATH = YES;
				SDKROOT = iphoneos;
				SWIFT_COMPILATION_MODE = wholemodule;
				SWIFT_OPTIMIZATION_LEVEL = "-O";
				VALIDATE_PRODUCT = YES;
			};
			name = Release;
		};
		7773AB7827241E790044562D /* Debug */ = {
			isa = XCBuildConfiguration;
			baseConfigurationReference = 58CF6EBD0198F52E14BB7373 /* Pods-Biography.debug.xcconfig */;
			buildSettings = {
				ASSETCATALOG_COMPILER_APPICON_NAME = AppIcon;
				ASSETCATALOG_COMPILER_GLOBAL_ACCENT_COLOR_NAME = AccentColor;
				CODE_SIGN_STYLE = Automatic;
				DEVELOPMENT_TEAM = 347DD794MM;
				INFOPLIST_FILE = Biography/Info.plist;
				LD_RUNPATH_SEARCH_PATHS = (
					"$(inherited)",
					"@executable_path/Frameworks",
				);
				PRODUCT_BUNDLE_IDENTIFIER = andrey.Biography;
				PRODUCT_NAME = "$(TARGET_NAME)";
				SWIFT_VERSION = 5.0;
				TARGETED_DEVICE_FAMILY = "1,2";
			};
			name = Debug;
		};
		7773AB7927241E790044562D /* Release */ = {
			isa = XCBuildConfiguration;
			baseConfigurationReference = A86C140806FF19B7FFBAF6E5 /* Pods-Biography.release.xcconfig */;
			buildSettings = {
				ASSETCATALOG_COMPILER_APPICON_NAME = AppIcon;
				ASSETCATALOG_COMPILER_GLOBAL_ACCENT_COLOR_NAME = AccentColor;
				CODE_SIGN_STYLE = Automatic;
				DEVELOPMENT_TEAM = 347DD794MM;
				INFOPLIST_FILE = Biography/Info.plist;
				LD_RUNPATH_SEARCH_PATHS = (
					"$(inherited)",
					"@executable_path/Frameworks",
				);
				PRODUCT_BUNDLE_IDENTIFIER = andrey.Biography;
				PRODUCT_NAME = "$(TARGET_NAME)";
				SWIFT_VERSION = 5.0;
				TARGETED_DEVICE_FAMILY = "1,2";
			};
			name = Release;
		};
/* End XCBuildConfiguration section */

/* Begin XCConfigurationList section */
		7773AB5E27241E750044562D /* Build configuration list for PBXProject "Biography" */ = {
			isa = XCConfigurationList;
			buildConfigurations = (
				7773AB7527241E790044562D /* Debug */,
				7773AB7627241E790044562D /* Release */,
			);
			defaultConfigurationIsVisible = 0;
			defaultConfigurationName = Release;
		};
		7773AB7727241E790044562D /* Build configuration list for PBXNativeTarget "Biography" */ = {
			isa = XCConfigurationList;
			buildConfigurations = (
				7773AB7827241E790044562D /* Debug */,
				7773AB7927241E790044562D /* Release */,
			);
			defaultConfigurationIsVisible = 0;
			defaultConfigurationName = Release;
		};
/* End XCConfigurationList section */
	};
	rootObject = 7773AB5B27241E750044562D /* Project object */;
}
